// !$*UTF8*$!
{
	archiveVersion = 1;
	classes = {
	};
	objectVersion = 50;
	objects = {

/* Begin PBXBuildFile section */
		999A38E6249D855C00D3DEFF /* AppDelegate.swift in Sources */ = {isa = PBXBuildFile; fileRef = 999A38E5249D855C00D3DEFF /* AppDelegate.swift */; };
		999A38E8249D855C00D3DEFF /* SceneDelegate.swift in Sources */ = {isa = PBXBuildFile; fileRef = 999A38E7249D855C00D3DEFF /* SceneDelegate.swift */; };
		999A38EA249D855C00D3DEFF /* ViewController.swift in Sources */ = {isa = PBXBuildFile; fileRef = 999A38E9249D855C00D3DEFF /* ViewController.swift */; };
		999A38ED249D855C00D3DEFF /* Main.storyboard in Resources */ = {isa = PBXBuildFile; fileRef = 999A38EB249D855C00D3DEFF /* Main.storyboard */; };
		999A38EF249D855E00D3DEFF /* Assets.xcassets in Resources */ = {isa = PBXBuildFile; fileRef = 999A38EE249D855E00D3DEFF /* Assets.xcassets */; };
		999A38F2249D855E00D3DEFF /* LaunchScreen.storyboard in Resources */ = {isa = PBXBuildFile; fileRef = 999A38F0249D855E00D3DEFF /* LaunchScreen.storyboard */; };
		999A38FD249D855E00D3DEFF /* mobile_chessTests.swift in Sources */ = {isa = PBXBuildFile; fileRef = 999A38FC249D855E00D3DEFF /* mobile_chessTests.swift */; };
/* End PBXBuildFile section */

/* Begin PBXContainerItemProxy section */
		999A38F9249D855E00D3DEFF /* PBXContainerItemProxy */ = {
			isa = PBXContainerItemProxy;
			containerPortal = 999A38DA249D855C00D3DEFF /* Project object */;
			proxyType = 1;
			remoteGlobalIDString = 999A38E1249D855C00D3DEFF;
			remoteInfo = "mobile-chess";
		};
/* End PBXContainerItemProxy section */

/* Begin PBXFileReference section */
		999A38E2249D855C00D3DEFF /* mobile-chess.app */ = {isa = PBXFileReference; explicitFileType = wrapper.application; includeInIndex = 0; path = "mobile-chess.app"; sourceTree = BUILT_PRODUCTS_DIR; };
		999A38E5249D855C00D3DEFF /* AppDelegate.swift */ = {isa = PBXFileReference; lastKnownFileType = sourcecode.swift; path = AppDelegate.swift; sourceTree = "<group>"; };
		999A38E7249D855C00D3DEFF /* SceneDelegate.swift */ = {isa = PBXFileReference; lastKnownFileType = sourcecode.swift; path = SceneDelegate.swift; sourceTree = "<group>"; };
		999A38E9249D855C00D3DEFF /* ViewController.swift */ = {isa = PBXFileReference; lastKnownFileType = sourcecode.swift; path = ViewController.swift; sourceTree = "<group>"; };
		999A38EC249D855C00D3DEFF /* Base */ = {isa = PBXFileReference; lastKnownFileType = file.storyboard; name = Base; path = Base.lproj/Main.storyboard; sourceTree = "<group>"; };
		999A38EE249D855E00D3DEFF /* Assets.xcassets */ = {isa = PBXFileReference; lastKnownFileType = folder.assetcatalog; path = Assets.xcassets; sourceTree = "<group>"; };
		999A38F1249D855E00D3DEFF /* Base */ = {isa = PBXFileReference; lastKnownFileType = file.storyboard; name = Base; path = Base.lproj/LaunchScreen.storyboard; sourceTree = "<group>"; };
		999A38F3249D855E00D3DEFF /* Info.plist */ = {isa = PBXFileReference; lastKnownFileType = text.plist.xml; path = Info.plist; sourceTree = "<group>"; };
		999A38F8249D855E00D3DEFF /* mobile-chessTests.xctest */ = {isa = PBXFileReference; explicitFileType = wrapper.cfbundle; includeInIndex = 0; path = "mobile-chessTests.xctest"; sourceTree = BUILT_PRODUCTS_DIR; };
		999A38FC249D855E00D3DEFF /* mobile_chessTests.swift */ = {isa = PBXFileReference; lastKnownFileType = sourcecode.swift; path = mobile_chessTests.swift; sourceTree = "<group>"; };
		999A38FE249D855E00D3DEFF /* Info.plist */ = {isa = PBXFileReference; lastKnownFileType = text.plist.xml; path = Info.plist; sourceTree = "<group>"; };
/* End PBXFileReference section */

/* Begin PBXFrameworksBuildPhase section */
		999A38DF249D855C00D3DEFF /* Frameworks */ = {
			isa = PBXFrameworksBuildPhase;
			buildActionMask = 2147483647;
			files = (
			);
			runOnlyForDeploymentPostprocessing = 0;
		};
		999A38F5249D855E00D3DEFF /* Frameworks */ = {
			isa = PBXFrameworksBuildPhase;
			buildActionMask = 2147483647;
			files = (
			);
			runOnlyForDeploymentPostprocessing = 0;
		};
/* End PBXFrameworksBuildPhase section */

/* Begin PBXGroup section */
		999A38D9249D855C00D3DEFF = {
			isa = PBXGroup;
			children = (
				999A38E4249D855C00D3DEFF /* mobile-chess */,
				999A38FB249D855E00D3DEFF /* mobile-chessTests */,
				999A38E3249D855C00D3DEFF /* Products */,
			);
			sourceTree = "<group>";
		};
		999A38E3249D855C00D3DEFF /* Products */ = {
			isa = PBXGroup;
			children = (
				999A38E2249D855C00D3DEFF /* mobile-chess.app */,
				999A38F8249D855E00D3DEFF /* mobile-chessTests.xctest */,
			);
			name = Products;
			sourceTree = "<group>";
		};
		999A38E4249D855C00D3DEFF /* mobile-chess */ = {
			isa = PBXGroup;
			children = (
				999A38E5249D855C00D3DEFF /* AppDelegate.swift */,
				999A38E7249D855C00D3DEFF /* SceneDelegate.swift */,
				999A38E9249D855C00D3DEFF /* ViewController.swift */,
				999A38EB249D855C00D3DEFF /* Main.storyboard */,
				999A38EE249D855E00D3DEFF /* Assets.xcassets */,
				999A38F0249D855E00D3DEFF /* LaunchScreen.storyboard */,
				999A38F3249D855E00D3DEFF /* Info.plist */,
			);
			path = "mobile-chess";
			sourceTree = "<group>";
		};
		999A38FB249D855E00D3DEFF /* mobile-chessTests */ = {
			isa = PBXGroup;
			children = (
				999A38FC249D855E00D3DEFF /* mobile_chessTests.swift */,
				999A38FE249D855E00D3DEFF /* Info.plist */,
			);
			path = "mobile-chessTests";
			sourceTree = "<group>";
		};
/* End PBXGroup section */

/* Begin PBXNativeTarget section */
		999A38E1249D855C00D3DEFF /* mobile-chess */ = {
			isa = PBXNativeTarget;
			buildConfigurationList = 999A3901249D855E00D3DEFF /* Build configuration list for PBXNativeTarget "mobile-chess" */;
			buildPhases = (
				999A38DE249D855C00D3DEFF /* Sources */,
				999A38DF249D855C00D3DEFF /* Frameworks */,
				999A38E0249D855C00D3DEFF /* Resources */,
			);
			buildRules = (
			);
			dependencies = (
			);
			name = "mobile-chess";
			productName = "mobile-chess";
			productReference = 999A38E2249D855C00D3DEFF /* mobile-chess.app */;
			productType = "com.apple.product-type.application";
		};
		999A38F7249D855E00D3DEFF /* mobile-chessTests */ = {
			isa = PBXNativeTarget;
			buildConfigurationList = 999A3904249D855E00D3DEFF /* Build configuration list for PBXNativeTarget "mobile-chessTests" */;
			buildPhases = (
				999A38F4249D855E00D3DEFF /* Sources */,
				999A38F5249D855E00D3DEFF /* Frameworks */,
				999A38F6249D855E00D3DEFF /* Resources */,
			);
			buildRules = (
			);
			dependencies = (
				999A38FA249D855E00D3DEFF /* PBXTargetDependency */,
			);
			name = "mobile-chessTests";
			productName = "mobile-chessTests";
			productReference = 999A38F8249D855E00D3DEFF /* mobile-chessTests.xctest */;
			productType = "com.apple.product-type.bundle.unit-test";
		};
/* End PBXNativeTarget section */

/* Begin PBXProject section */
		999A38DA249D855C00D3DEFF /* Project object */ = {
			isa = PBXProject;
			attributes = {
				LastSwiftUpdateCheck = 1130;
				LastUpgradeCheck = 1130;
				ORGANIZATIONNAME = "Leo Chen";
				TargetAttributes = {
					999A38E1249D855C00D3DEFF = {
						CreatedOnToolsVersion = 11.3.1;
					};
					999A38F7249D855E00D3DEFF = {
						CreatedOnToolsVersion = 11.3.1;
						TestTargetID = 999A38E1249D855C00D3DEFF;
					};
				};
			};
			buildConfigurationList = 999A38DD249D855C00D3DEFF /* Build configuration list for PBXProject "mobile-chess" */;
			compatibilityVersion = "Xcode 9.3";
			developmentRegion = en;
			hasScannedForEncodings = 0;
			knownRegions = (
				en,
				Base,
			);
			mainGroup = 999A38D9249D855C00D3DEFF;
			productRefGroup = 999A38E3249D855C00D3DEFF /* Products */;
			projectDirPath = "";
			projectRoot = "";
			targets = (
				999A38E1249D855C00D3DEFF /* mobile-chess */,
				999A38F7249D855E00D3DEFF /* mobile-chessTests */,
			);
		};
/* End PBXProject section */

/* Begin PBXResourcesBuildPhase section */
		999A38E0249D855C00D3DEFF /* Resources */ = {
			isa = PBXResourcesBuildPhase;
			buildActionMask = 2147483647;
			files = (
				999A38F2249D855E00D3DEFF /* LaunchScreen.storyboard in Resources */,
				999A38EF249D855E00D3DEFF /* Assets.xcassets in Resources */,
				999A38ED249D855C00D3DEFF /* Main.storyboard in Resources */,
			);
			runOnlyForDeploymentPostprocessing = 0;
		};
		999A38F6249D855E00D3DEFF /* Resources */ = {
			isa = PBXResourcesBuildPhase;
			buildActionMask = 2147483647;
			files = (
			);
			runOnlyForDeploymentPostprocessing = 0;
		};
/* End PBXResourcesBuildPhase section */

/* Begin PBXSourcesBuildPhase section */
		999A38DE249D855C00D3DEFF /* Sources */ = {
			isa = PBXSourcesBuildPhase;
			buildActionMask = 2147483647;
			files = (
				999A38EA249D855C00D3DEFF /* ViewController.swift in Sources */,
				999A38E6249D855C00D3DEFF /* AppDelegate.swift in Sources */,
				999A38E8249D855C00D3DEFF /* SceneDelegate.swift in Sources */,
			);
			runOnlyForDeploymentPostprocessing = 0;
		};
		999A38F4249D855E00D3DEFF /* Sources */ = {
			isa = PBXSourcesBuildPhase;
			buildActionMask = 2147483647;
			files = (
				999A38FD249D855E00D3DEFF /* mobile_chessTests.swift in Sources */,
			);
			runOnlyForDeploymentPostprocessing = 0;
		};
/* End PBXSourcesBuildPhase section */

/* Begin PBXTargetDependency section */
		999A38FA249D855E00D3DEFF /* PBXTargetDependency */ = {
			isa = PBXTargetDependency;
			target = 999A38E1249D855C00D3DEFF /* mobile-chess */;
			targetProxy = 999A38F9249D855E00D3DEFF /* PBXContainerItemProxy */;
		};
/* End PBXTargetDependency section */

/* Begin PBXVariantGroup section */
		999A38EB249D855C00D3DEFF /* Main.storyboard */ = {
			isa = PBXVariantGroup;
			children = (
				999A38EC249D855C00D3DEFF /* Base */,
			);
			name = Main.storyboard;
			sourceTree = "<group>";
		};
		999A38F0249D855E00D3DEFF /* LaunchScreen.storyboard */ = {
			isa = PBXVariantGroup;
			children = (
				999A38F1249D855E00D3DEFF /* Base */,
			);
			name = LaunchScreen.storyboard;
			sourceTree = "<group>";
		};
/* End PBXVariantGroup section */

/* Begin XCBuildConfiguration section */
		999A38FF249D855E00D3DEFF /* Debug */ = {
			isa = XCBuildConfiguration;
			buildSettings = {
				ALWAYS_SEARCH_USER_PATHS = NO;
				CLANG_ANALYZER_NONNULL = YES;
				CLANG_ANALYZER_NUMBER_OBJECT_CONVERSION = YES_AGGRESSIVE;
				CLANG_CXX_LANGUAGE_STANDARD = "gnu++14";
				CLANG_CXX_LIBRARY = "libc++";
				CLANG_ENABLE_MODULES = YES;
				CLANG_ENABLE_OBJC_ARC = YES;
				CLANG_ENABLE_OBJC_WEAK = YES;
				CLANG_WARN_BLOCK_CAPTURE_AUTORELEASING = YES;
				CLANG_WARN_BOOL_CONVERSION = YES;
				CLANG_WARN_COMMA = YES;
				CLANG_WARN_CONSTANT_CONVERSION = YES;
				CLANG_WARN_DEPRECATED_OBJC_IMPLEMENTATIONS = YES;
				CLANG_WARN_DIRECT_OBJC_ISA_USAGE = YES_ERROR;
				CLANG_WARN_DOCUMENTATION_COMMENTS = YES;
				CLANG_WARN_EMPTY_BODY = YES;
				CLANG_WARN_ENUM_CONVERSION = YES;
				CLANG_WARN_INFINITE_RECURSION = YES;
				CLANG_WARN_INT_CONVERSION = YES;
				CLANG_WARN_NON_LITERAL_NULL_CONVERSION = YES;
				CLANG_WARN_OBJC_IMPLICIT_RETAIN_SELF = YES;
				CLANG_WARN_OBJC_LITERAL_CONVERSION = YES;
				CLANG_WARN_OBJC_ROOT_CLASS = YES_ERROR;
				CLANG_WARN_RANGE_LOOP_ANALYSIS = YES;
				CLANG_WARN_STRICT_PROTOTYPES = YES;
				CLANG_WARN_SUSPICIOUS_MOVE = YES;
				CLANG_WARN_UNGUARDED_AVAILABILITY = YES_AGGRESSIVE;
				CLANG_WARN_UNREACHABLE_CODE = YES;
				CLANG_WARN__DUPLICATE_METHOD_MATCH = YES;
				COPY_PHASE_STRIP = NO;
				DEBUG_INFORMATION_FORMAT = dwarf;
				ENABLE_STRICT_OBJC_MSGSEND = YES;
				ENABLE_TESTABILITY = YES;
				GCC_C_LANGUAGE_STANDARD = gnu11;
				GCC_DYNAMIC_NO_PIC = NO;
				GCC_NO_COMMON_BLOCKS = YES;
				GCC_OPTIMIZATION_LEVEL = 0;
				GCC_PREPROCESSOR_DEFINITIONS = (
					"DEBUG=1",
					"$(inherited)",
				);
				GCC_WARN_64_TO_32_BIT_CONVERSION = YES;
				GCC_WARN_ABOUT_RETURN_TYPE = YES_ERROR;
				GCC_WARN_UNDECLARED_SELECTOR = YES;
				GCC_WARN_UNINITIALIZED_AUTOS = YES_AGGRESSIVE;
				GCC_WARN_UNUSED_FUNCTION = YES;
				GCC_WARN_UNUSED_VARIABLE = YES;
				IPHONEOS_DEPLOYMENT_TARGET = 13.2;
				MTL_ENABLE_DEBUG_INFO = INCLUDE_SOURCE;
				MTL_FAST_MATH = YES;
				ONLY_ACTIVE_ARCH = YES;
				SDKROOT = iphoneos;
				SWIFT_ACTIVE_COMPILATION_CONDITIONS = DEBUG;
				SWIFT_OPTIMIZATION_LEVEL = "-Onone";
			};
			name = Debug;
		};
		999A3900249D855E00D3DEFF /* Release */ = {
			isa = XCBuildConfiguration;
			buildSettings = {
				ALWAYS_SEARCH_USER_PATHS = NO;
				CLANG_ANALYZER_NONNULL = YES;
				CLANG_ANALYZER_NUMBER_OBJECT_CONVERSION = YES_AGGRESSIVE;
				CLANG_CXX_LANGUAGE_STANDARD = "gnu++14";
				CLANG_CXX_LIBRARY = "libc++";
				CLANG_ENABLE_MODULES = YES;
				CLANG_ENABLE_OBJC_ARC = YES;
				CLANG_ENABLE_OBJC_WEAK = YES;
				CLANG_WARN_BLOCK_CAPTURE_AUTORELEASING = YES;
				CLANG_WARN_BOOL_CONVERSION = YES;
				CLANG_WARN_COMMA = YES;
				CLANG_WARN_CONSTANT_CONVERSION = YES;
				CLANG_WARN_DEPRECATED_OBJC_IMPLEMENTATIONS = YES;
				CLANG_WARN_DIRECT_OBJC_ISA_USAGE = YES_ERROR;
				CLANG_WARN_DOCUMENTATION_COMMENTS = YES;
				CLANG_WARN_EMPTY_BODY = YES;
				CLANG_WARN_ENUM_CONVERSION = YES;
				CLANG_WARN_INFINITE_RECURSION = YES;
				CLANG_WARN_INT_CONVERSION = YES;
				CLANG_WARN_NON_LITERAL_NULL_CONVERSION = YES;
				CLANG_WARN_OBJC_IMPLICIT_RETAIN_SELF = YES;
				CLANG_WARN_OBJC_LITERAL_CONVERSION = YES;
				CLANG_WARN_OBJC_ROOT_CLASS = YES_ERROR;
				CLANG_WARN_RANGE_LOOP_ANALYSIS = YES;
				CLANG_WARN_STRICT_PROTOTYPES = YES;
				CLANG_WARN_SUSPICIOUS_MOVE = YES;
				CLANG_WARN_UNGUARDED_AVAILABILITY = YES_AGGRESSIVE;
				CLANG_WARN_UNREACHABLE_CODE = YES;
				CLANG_WARN__DUPLICATE_METHOD_MATCH = YES;
				COPY_PHASE_STRIP = NO;
				DEBUG_INFORMATION_FORMAT = "dwarf-with-dsym";
				ENABLE_NS_ASSERTIONS = NO;
				ENABLE_STRICT_OBJC_MSGSEND = YES;
				GCC_C_LANGUAGE_STANDARD = gnu11;
				GCC_NO_COMMON_BLOCKS = YES;
				GCC_WARN_64_TO_32_BIT_CONVERSION = YES;
				GCC_WARN_ABOUT_RETURN_TYPE = YES_ERROR;
				GCC_WARN_UNDECLARED_SELECTOR = YES;
				GCC_WARN_UNINITIALIZED_AUTOS = YES_AGGRESSIVE;
				GCC_WARN_UNUSED_FUNCTION = YES;
				GCC_WARN_UNUSED_VARIABLE = YES;
				IPHONEOS_DEPLOYMENT_TARGET = 13.2;
				MTL_ENABLE_DEBUG_INFO = NO;
				MTL_FAST_MATH = YES;
				SDKROOT = iphoneos;
				SWIFT_COMPILATION_MODE = wholemodule;
				SWIFT_OPTIMIZATION_LEVEL = "-O";
				VALIDATE_PRODUCT = YES;
			};
			name = Release;
		};
		999A3902249D855E00D3DEFF /* Debug */ = {
			isa = XCBuildConfiguration;
			buildSettings = {
				ASSETCATALOG_COMPILER_APPICON_NAME = AppIcon;
				CODE_SIGN_STYLE = Automatic;
				DEVELOPMENT_TEAM = XF2DH6Z7D9;
				INFOPLIST_FILE = "mobile-chess/Info.plist";
				LD_RUNPATH_SEARCH_PATHS = (
					"$(inherited)",
					"@executable_path/Frameworks",
				);
				PRODUCT_BUNDLE_IDENTIFIER = "com.weitungchen.mobile-chess";
				PRODUCT_NAME = "$(TARGET_NAME)";
				SWIFT_VERSION = 5.0;
				TARGETED_DEVICE_FAMILY = "1,2";
			};
			name = Debug;
		};
		999A3903249D855E00D3DEFF /* Release */ = {
			isa = XCBuildConfiguration;
			buildSettings = {
				ASSETCATALOG_COMPILER_APPICON_NAME = AppIcon;
				CODE_SIGN_STYLE = Automatic;
				DEVELOPMENT_TEAM = XF2DH6Z7D9;
				INFOPLIST_FILE = "mobile-chess/Info.plist";
				LD_RUNPATH_SEARCH_PATHS = (
					"$(inherited)",
					"@executable_path/Frameworks",
				);
				PRODUCT_BUNDLE_IDENTIFIER = "com.weitungchen.mobile-chess";
				PRODUCT_NAME = "$(TARGET_NAME)";
				SWIFT_VERSION = 5.0;
				TARGETED_DEVICE_FAMILY = "1,2";
			};
			name = Release;
		};
		999A3905249D855E00D3DEFF /* Debug */ = {
			isa = XCBuildConfiguration;
			buildSettings = {
				ALWAYS_EMBED_SWIFT_STANDARD_LIBRARIES = YES;
				BUNDLE_LOADER = "$(TEST_HOST)";
				CODE_SIGN_STYLE = Automatic;
				INFOPLIST_FILE = "mobile-chessTests/Info.plist";
				IPHONEOS_DEPLOYMENT_TARGET = 13.2;
				LD_RUNPATH_SEARCH_PATHS = (
					"$(inherited)",
					"@executable_path/Frameworks",
					"@loader_path/Frameworks",
				);
				PRODUCT_BUNDLE_IDENTIFIER = "com.weitungchen.mobile-chessTests";
				PRODUCT_NAME = "$(TARGET_NAME)";
				SWIFT_VERSION = 5.0;
				TARGETED_DEVICE_FAMILY = "1,2";
				TEST_HOST = "$(BUILT_PRODUCTS_DIR)/mobile-chess.app/mobile-chess";
			};
			name = Debug;
		};
		999A3906249D855E00D3DEFF /* Release */ = {
			isa = XCBuildConfiguration;
			buildSettings = {
				ALWAYS_EMBED_SWIFT_STANDARD_LIBRARIES = YES;
				BUNDLE_LOADER = "$(TEST_HOST)";
				CODE_SIGN_STYLE = Automatic;
				INFOPLIST_FILE = "mobile-chessTests/Info.plist";
				IPHONEOS_DEPLOYMENT_TARGET = 13.2;
				LD_RUNPATH_SEARCH_PATHS = (
					"$(inherited)",
					"@executable_path/Frameworks",
					"@loader_path/Frameworks",
				);
				PRODUCT_BUNDLE_IDENTIFIER = "com.weitungchen.mobile-chessTests";
				PRODUCT_NAME = "$(TARGET_NAME)";
				SWIFT_VERSION = 5.0;
				TARGETED_DEVICE_FAMILY = "1,2";
				TEST_HOST = "$(BUILT_PRODUCTS_DIR)/mobile-chess.app/mobile-chess";
			};
			name = Release;
		};
/* End XCBuildConfiguration section */

/* Begin XCConfigurationList section */
		999A38DD249D855C00D3DEFF /* Build configuration list for PBXProject "mobile-chess" */ = {
			isa = XCConfigurationList;
			buildConfigurations = (
				999A38FF249D855E00D3DEFF /* Debug */,
				999A3900249D855E00D3DEFF /* Release */,
			);
			defaultConfigurationIsVisible = 0;
			defaultConfigurationName = Release;
		};
		999A3901249D855E00D3DEFF /* Build configuration list for PBXNativeTarget "mobile-chess" */ = {
			isa = XCConfigurationList;
			buildConfigurations = (
				999A3902249D855E00D3DEFF /* Debug */,
				999A3903249D855E00D3DEFF /* Release */,
			);
			defaultConfigurationIsVisible = 0;
			defaultConfigurationName = Release;
		};
		999A3904249D855E00D3DEFF /* Build configuration list for PBXNativeTarget "mobile-chessTests" */ = {
			isa = XCConfigurationList;
			buildConfigurations = (
				999A3905249D855E00D3DEFF /* Debug */,
				999A3906249D855E00D3DEFF /* Release */,
			);
			defaultConfigurationIsVisible = 0;
			defaultConfigurationName = Release;
		};
/* End XCConfigurationList section */
	};
	rootObject = 999A38DA249D855C00D3DEFF /* Project object */;
}
